// !$*UTF8*$!
{
	archiveVersion = 1;
	classes = {
	};
	objectVersion = 46;
	objects = {

/* Begin PBXBuildFile section */
		3AA8B59C18BC24C8006A0E88 /* Foundation.framework in Frameworks */ = {isa = PBXBuildFile; fileRef = 3AA8B59B18BC24C8006A0E88 /* Foundation.framework */; };
		3AA8B59E18BC24C8006A0E88 /* CoreGraphics.framework in Frameworks */ = {isa = PBXBuildFile; fileRef = 3AA8B59D18BC24C8006A0E88 /* CoreGraphics.framework */; };
		3AA8B5A018BC24C8006A0E88 /* UIKit.framework in Frameworks */ = {isa = PBXBuildFile; fileRef = 3AA8B59F18BC24C8006A0E88 /* UIKit.framework */; };
		3AA8B5A618BC24C8006A0E88 /* InfoPlist.strings in Resources */ = {isa = PBXBuildFile; fileRef = 3AA8B5A418BC24C8006A0E88 /* InfoPlist.strings */; };
		3AA8B5A818BC24C8006A0E88 /* main.m in Sources */ = {isa = PBXBuildFile; fileRef = 3AA8B5A718BC24C8006A0E88 /* main.m */; };
		3AA8B5AC18BC24C8006A0E88 /* PSAppDelegate.m in Sources */ = {isa = PBXBuildFile; fileRef = 3AA8B5AB18BC24C8006A0E88 /* PSAppDelegate.m */; };
		3AA8B5AE18BC24C8006A0E88 /* Images.xcassets in Resources */ = {isa = PBXBuildFile; fileRef = 3AA8B5AD18BC24C8006A0E88 /* Images.xcassets */; };
		3AA8B5B518BC24C8006A0E88 /* XCTest.framework in Frameworks */ = {isa = PBXBuildFile; fileRef = 3AA8B5B418BC24C8006A0E88 /* XCTest.framework */; };
		3AA8B5B618BC24C8006A0E88 /* Foundation.framework in Frameworks */ = {isa = PBXBuildFile; fileRef = 3AA8B59B18BC24C8006A0E88 /* Foundation.framework */; };
		3AA8B5B718BC24C8006A0E88 /* UIKit.framework in Frameworks */ = {isa = PBXBuildFile; fileRef = 3AA8B59F18BC24C8006A0E88 /* UIKit.framework */; };
		3AA8B5BF18BC24C8006A0E88 /* InfoPlist.strings in Resources */ = {isa = PBXBuildFile; fileRef = 3AA8B5BD18BC24C8006A0E88 /* InfoPlist.strings */; };
		3AA8B5C118BC24C8006A0E88 /* PartyStoriesTests.m in Sources */ = {isa = PBXBuildFile; fileRef = 3AA8B5C018BC24C8006A0E88 /* PartyStoriesTests.m */; };
		8EB4FEA318BC27640022BF8E /* PSPartyGalleryViewController.m in Sources */ = {isa = PBXBuildFile; fileRef = 8EB4FEA118BC27640022BF8E /* PSPartyGalleryViewController.m */; };
		8EB4FEA418BC27640022BF8E /* PSPartyGalleryViewController.xib in Resources */ = {isa = PBXBuildFile; fileRef = 8EB4FEA218BC27640022BF8E /* PSPartyGalleryViewController.xib */; };
		8EB4FEAD18BC2F570022BF8E /* RECommonFunctions.m in Sources */ = {isa = PBXBuildFile; fileRef = 8EB4FEA818BC2F570022BF8E /* RECommonFunctions.m */; };
		8EB4FEAE18BC2F570022BF8E /* RESideMenu.m in Sources */ = {isa = PBXBuildFile; fileRef = 8EB4FEAA18BC2F570022BF8E /* RESideMenu.m */; };
		8EB4FEAF18BC2F570022BF8E /* UIViewController+RESideMenu.m in Sources */ = {isa = PBXBuildFile; fileRef = 8EB4FEAC18BC2F570022BF8E /* UIViewController+RESideMenu.m */; };
/* End PBXBuildFile section */

/* Begin PBXContainerItemProxy section */
		3AA8B5B818BC24C8006A0E88 /* PBXContainerItemProxy */ = {
			isa = PBXContainerItemProxy;
			containerPortal = 3AA8B59018BC24C8006A0E88 /* Project object */;
			proxyType = 1;
			remoteGlobalIDString = 3AA8B59718BC24C8006A0E88;
			remoteInfo = PartyStories;
		};
/* End PBXContainerItemProxy section */

/* Begin PBXFileReference section */
		3AA8B59818BC24C8006A0E88 /* PartyStories.app */ = {isa = PBXFileReference; explicitFileType = wrapper.application; includeInIndex = 0; path = PartyStories.app; sourceTree = BUILT_PRODUCTS_DIR; };
		3AA8B59B18BC24C8006A0E88 /* Foundation.framework */ = {isa = PBXFileReference; lastKnownFileType = wrapper.framework; name = Foundation.framework; path = System/Library/Frameworks/Foundation.framework; sourceTree = SDKROOT; };
		3AA8B59D18BC24C8006A0E88 /* CoreGraphics.framework */ = {isa = PBXFileReference; lastKnownFileType = wrapper.framework; name = CoreGraphics.framework; path = System/Library/Frameworks/CoreGraphics.framework; sourceTree = SDKROOT; };
		3AA8B59F18BC24C8006A0E88 /* UIKit.framework */ = {isa = PBXFileReference; lastKnownFileType = wrapper.framework; name = UIKit.framework; path = System/Library/Frameworks/UIKit.framework; sourceTree = SDKROOT; };
		3AA8B5A318BC24C8006A0E88 /* PartyStories-Info.plist */ = {isa = PBXFileReference; lastKnownFileType = text.plist.xml; path = "PartyStories-Info.plist"; sourceTree = "<group>"; };
		3AA8B5A518BC24C8006A0E88 /* en */ = {isa = PBXFileReference; lastKnownFileType = text.plist.strings; name = en; path = en.lproj/InfoPlist.strings; sourceTree = "<group>"; };
		3AA8B5A718BC24C8006A0E88 /* main.m */ = {isa = PBXFileReference; lastKnownFileType = sourcecode.c.objc; path = main.m; sourceTree = "<group>"; };
		3AA8B5A918BC24C8006A0E88 /* PartyStories-Prefix.pch */ = {isa = PBXFileReference; lastKnownFileType = sourcecode.c.h; path = "PartyStories-Prefix.pch"; sourceTree = "<group>"; };
		3AA8B5AA18BC24C8006A0E88 /* PSAppDelegate.h */ = {isa = PBXFileReference; lastKnownFileType = sourcecode.c.h; path = PSAppDelegate.h; sourceTree = "<group>"; };
		3AA8B5AB18BC24C8006A0E88 /* PSAppDelegate.m */ = {isa = PBXFileReference; lastKnownFileType = sourcecode.c.objc; path = PSAppDelegate.m; sourceTree = "<group>"; };
		3AA8B5AD18BC24C8006A0E88 /* Images.xcassets */ = {isa = PBXFileReference; lastKnownFileType = folder.assetcatalog; path = Images.xcassets; sourceTree = "<group>"; };
		3AA8B5B318BC24C8006A0E88 /* PartyStoriesTests.xctest */ = {isa = PBXFileReference; explicitFileType = wrapper.cfbundle; includeInIndex = 0; path = PartyStoriesTests.xctest; sourceTree = BUILT_PRODUCTS_DIR; };
		3AA8B5B418BC24C8006A0E88 /* XCTest.framework */ = {isa = PBXFileReference; lastKnownFileType = wrapper.framework; name = XCTest.framework; path = Library/Frameworks/XCTest.framework; sourceTree = DEVELOPER_DIR; };
		3AA8B5BC18BC24C8006A0E88 /* PartyStoriesTests-Info.plist */ = {isa = PBXFileReference; lastKnownFileType = text.plist.xml; path = "PartyStoriesTests-Info.plist"; sourceTree = "<group>"; };
		3AA8B5BE18BC24C8006A0E88 /* en */ = {isa = PBXFileReference; lastKnownFileType = text.plist.strings; name = en; path = en.lproj/InfoPlist.strings; sourceTree = "<group>"; };
		3AA8B5C018BC24C8006A0E88 /* PartyStoriesTests.m */ = {isa = PBXFileReference; lastKnownFileType = sourcecode.c.objc; path = PartyStoriesTests.m; sourceTree = "<group>"; };
		8EB4FEA018BC27640022BF8E /* PSPartyGalleryViewController.h */ = {isa = PBXFileReference; fileEncoding = 4; lastKnownFileType = sourcecode.c.h; path = PSPartyGalleryViewController.h; sourceTree = "<group>"; };
		8EB4FEA118BC27640022BF8E /* PSPartyGalleryViewController.m */ = {isa = PBXFileReference; fileEncoding = 4; lastKnownFileType = sourcecode.c.objc; path = PSPartyGalleryViewController.m; sourceTree = "<group>"; };
		8EB4FEA218BC27640022BF8E /* PSPartyGalleryViewController.xib */ = {isa = PBXFileReference; fileEncoding = 4; lastKnownFileType = file.xib; path = PSPartyGalleryViewController.xib; sourceTree = "<group>"; };
		8EB4FEA718BC2F570022BF8E /* RECommonFunctions.h */ = {isa = PBXFileReference; fileEncoding = 4; lastKnownFileType = sourcecode.c.h; path = RECommonFunctions.h; sourceTree = "<group>"; };
		8EB4FEA818BC2F570022BF8E /* RECommonFunctions.m */ = {isa = PBXFileReference; fileEncoding = 4; lastKnownFileType = sourcecode.c.objc; path = RECommonFunctions.m; sourceTree = "<group>"; };
		8EB4FEA918BC2F570022BF8E /* RESideMenu.h */ = {isa = PBXFileReference; fileEncoding = 4; lastKnownFileType = sourcecode.c.h; path = RESideMenu.h; sourceTree = "<group>"; };
		8EB4FEAA18BC2F570022BF8E /* RESideMenu.m */ = {isa = PBXFileReference; fileEncoding = 4; lastKnownFileType = sourcecode.c.objc; path = RESideMenu.m; sourceTree = "<group>"; };
		8EB4FEAB18BC2F570022BF8E /* UIViewController+RESideMenu.h */ = {isa = PBXFileReference; fileEncoding = 4; lastKnownFileType = sourcecode.c.h; path = "UIViewController+RESideMenu.h"; sourceTree = "<group>"; };
		8EB4FEAC18BC2F570022BF8E /* UIViewController+RESideMenu.m */ = {isa = PBXFileReference; fileEncoding = 4; lastKnownFileType = sourcecode.c.objc; path = "UIViewController+RESideMenu.m"; sourceTree = "<group>"; };
/* End PBXFileReference section */

/* Begin PBXFrameworksBuildPhase section */
		3AA8B59518BC24C8006A0E88 /* Frameworks */ = {
			isa = PBXFrameworksBuildPhase;
			buildActionMask = 2147483647;
			files = (
				3AA8B59E18BC24C8006A0E88 /* CoreGraphics.framework in Frameworks */,
				3AA8B5A018BC24C8006A0E88 /* UIKit.framework in Frameworks */,
				3AA8B59C18BC24C8006A0E88 /* Foundation.framework in Frameworks */,
			);
			runOnlyForDeploymentPostprocessing = 0;
		};
		3AA8B5B018BC24C8006A0E88 /* Frameworks */ = {
			isa = PBXFrameworksBuildPhase;
			buildActionMask = 2147483647;
			files = (
				3AA8B5B518BC24C8006A0E88 /* XCTest.framework in Frameworks */,
				3AA8B5B718BC24C8006A0E88 /* UIKit.framework in Frameworks */,
				3AA8B5B618BC24C8006A0E88 /* Foundation.framework in Frameworks */,
			);
			runOnlyForDeploymentPostprocessing = 0;
		};
/* End PBXFrameworksBuildPhase section */

/* Begin PBXGroup section */
		3AA8B58F18BC24C8006A0E88 = {
			isa = PBXGroup;
			children = (
				3AA8B5A118BC24C8006A0E88 /* PartyStories */,
				3AA8B5BA18BC24C8006A0E88 /* PartyStoriesTests */,
				3AA8B59A18BC24C8006A0E88 /* Frameworks */,
				3AA8B59918BC24C8006A0E88 /* Products */,
				8EB4FEA518BC2E900022BF8E /* Libraries */,
			);
			sourceTree = "<group>";
		};
		3AA8B59918BC24C8006A0E88 /* Products */ = {
			isa = PBXGroup;
			children = (
				3AA8B59818BC24C8006A0E88 /* PartyStories.app */,
				3AA8B5B318BC24C8006A0E88 /* PartyStoriesTests.xctest */,
			);
			name = Products;
			sourceTree = "<group>";
		};
		3AA8B59A18BC24C8006A0E88 /* Frameworks */ = {
			isa = PBXGroup;
			children = (
				3AA8B59B18BC24C8006A0E88 /* Foundation.framework */,
				3AA8B59D18BC24C8006A0E88 /* CoreGraphics.framework */,
				3AA8B59F18BC24C8006A0E88 /* UIKit.framework */,
				3AA8B5B418BC24C8006A0E88 /* XCTest.framework */,
			);
			name = Frameworks;
			sourceTree = "<group>";
		};
		3AA8B5A118BC24C8006A0E88 /* PartyStories */ = {
			isa = PBXGroup;
			children = (
				3AA8B5AA18BC24C8006A0E88 /* PSAppDelegate.h */,
				3AA8B5AB18BC24C8006A0E88 /* PSAppDelegate.m */,
				8EB4FEA018BC27640022BF8E /* PSPartyGalleryViewController.h */,
				8EB4FEA118BC27640022BF8E /* PSPartyGalleryViewController.m */,
				8EB4FEA218BC27640022BF8E /* PSPartyGalleryViewController.xib */,
				3AA8B5AD18BC24C8006A0E88 /* Images.xcassets */,
				3AA8B5A218BC24C8006A0E88 /* Supporting Files */,
			);
			path = PartyStories;
			sourceTree = "<group>";
		};
		3AA8B5A218BC24C8006A0E88 /* Supporting Files */ = {
			isa = PBXGroup;
			children = (
				3AA8B5A318BC24C8006A0E88 /* PartyStories-Info.plist */,
				3AA8B5A418BC24C8006A0E88 /* InfoPlist.strings */,
				3AA8B5A718BC24C8006A0E88 /* main.m */,
				3AA8B5A918BC24C8006A0E88 /* PartyStories-Prefix.pch */,
			);
			name = "Supporting Files";
			sourceTree = "<group>";
		};
		3AA8B5BA18BC24C8006A0E88 /* PartyStoriesTests */ = {
			isa = PBXGroup;
			children = (
				3AA8B5C018BC24C8006A0E88 /* PartyStoriesTests.m */,
				3AA8B5BB18BC24C8006A0E88 /* Supporting Files */,
			);
			path = PartyStoriesTests;
			sourceTree = "<group>";
		};
		3AA8B5BB18BC24C8006A0E88 /* Supporting Files */ = {
			isa = PBXGroup;
			children = (
				3AA8B5BC18BC24C8006A0E88 /* PartyStoriesTests-Info.plist */,
				3AA8B5BD18BC24C8006A0E88 /* InfoPlist.strings */,
			);
			name = "Supporting Files";
			sourceTree = "<group>";
		};
		8EB4FEA518BC2E900022BF8E /* Libraries */ = {
			isa = PBXGroup;
			children = (
				8EB4FEA618BC2F570022BF8E /* RESideMenu */,
			);
			name = Libraries;
			sourceTree = "<group>";
		};
		8EB4FEA618BC2F570022BF8E /* RESideMenu */ = {
			isa = PBXGroup;
			children = (
				8EB4FEA718BC2F570022BF8E /* RECommonFunctions.h */,
				8EB4FEA818BC2F570022BF8E /* RECommonFunctions.m */,
				8EB4FEA918BC2F570022BF8E /* RESideMenu.h */,
				8EB4FEAA18BC2F570022BF8E /* RESideMenu.m */,
				8EB4FEAB18BC2F570022BF8E /* UIViewController+RESideMenu.h */,
				8EB4FEAC18BC2F570022BF8E /* UIViewController+RESideMenu.m */,
			);
			name = RESideMenu;
			path = Libraries/RESideMenu/RESideMenu;
			sourceTree = "<group>";
		};
/* End PBXGroup section */

/* Begin PBXNativeTarget section */
		3AA8B59718BC24C8006A0E88 /* PartyStories */ = {
			isa = PBXNativeTarget;
			buildConfigurationList = 3AA8B5C418BC24C8006A0E88 /* Build configuration list for PBXNativeTarget "PartyStories" */;
			buildPhases = (
				3AA8B59418BC24C8006A0E88 /* Sources */,
				3AA8B59518BC24C8006A0E88 /* Frameworks */,
				3AA8B59618BC24C8006A0E88 /* Resources */,
			);
			buildRules = (
			);
			dependencies = (
			);
			name = PartyStories;
			productName = PartyStories;
			productReference = 3AA8B59818BC24C8006A0E88 /* PartyStories.app */;
			productType = "com.apple.product-type.application";
		};
		3AA8B5B218BC24C8006A0E88 /* PartyStoriesTests */ = {
			isa = PBXNativeTarget;
			buildConfigurationList = 3AA8B5C718BC24C8006A0E88 /* Build configuration list for PBXNativeTarget "PartyStoriesTests" */;
			buildPhases = (
				3AA8B5AF18BC24C8006A0E88 /* Sources */,
				3AA8B5B018BC24C8006A0E88 /* Frameworks */,
				3AA8B5B118BC24C8006A0E88 /* Resources */,
			);
			buildRules = (
			);
			dependencies = (
				3AA8B5B918BC24C8006A0E88 /* PBXTargetDependency */,
			);
			name = PartyStoriesTests;
			productName = PartyStoriesTests;
			productReference = 3AA8B5B318BC24C8006A0E88 /* PartyStoriesTests.xctest */;
			productType = "com.apple.product-type.bundle.unit-test";
		};
/* End PBXNativeTarget section */

/* Begin PBXProject section */
		3AA8B59018BC24C8006A0E88 /* Project object */ = {
			isa = PBXProject;
			attributes = {
				CLASSPREFIX = PS;
				LastUpgradeCheck = 0500;
				ORGANIZATIONNAME = "Matthew Ao";
				TargetAttributes = {
					3AA8B5B218BC24C8006A0E88 = {
						TestTargetID = 3AA8B59718BC24C8006A0E88;
					};
				};
			};
			buildConfigurationList = 3AA8B59318BC24C8006A0E88 /* Build configuration list for PBXProject "PartyStories" */;
			compatibilityVersion = "Xcode 3.2";
			developmentRegion = English;
			hasScannedForEncodings = 0;
			knownRegions = (
				en,
			);
			mainGroup = 3AA8B58F18BC24C8006A0E88;
			productRefGroup = 3AA8B59918BC24C8006A0E88 /* Products */;
			projectDirPath = "";
			projectRoot = "";
			targets = (
				3AA8B59718BC24C8006A0E88 /* PartyStories */,
				3AA8B5B218BC24C8006A0E88 /* PartyStoriesTests */,
			);
		};
/* End PBXProject section */

/* Begin PBXResourcesBuildPhase section */
		3AA8B59618BC24C8006A0E88 /* Resources */ = {
			isa = PBXResourcesBuildPhase;
			buildActionMask = 2147483647;
			files = (
				3AA8B5A618BC24C8006A0E88 /* InfoPlist.strings in Resources */,
				8EB4FEA418BC27640022BF8E /* PSPartyGalleryViewController.xib in Resources */,
				3AA8B5AE18BC24C8006A0E88 /* Images.xcassets in Resources */,
			);
			runOnlyForDeploymentPostprocessing = 0;
		};
		3AA8B5B118BC24C8006A0E88 /* Resources */ = {
			isa = PBXResourcesBuildPhase;
			buildActionMask = 2147483647;
			files = (
				3AA8B5BF18BC24C8006A0E88 /* InfoPlist.strings in Resources */,
			);
			runOnlyForDeploymentPostprocessing = 0;
		};
/* End PBXResourcesBuildPhase section */

/* Begin PBXSourcesBuildPhase section */
		3AA8B59418BC24C8006A0E88 /* Sources */ = {
			isa = PBXSourcesBuildPhase;
			buildActionMask = 2147483647;
			files = (
				8EB4FEA318BC27640022BF8E /* PSPartyGalleryViewController.m in Sources */,
				3AA8B5A818BC24C8006A0E88 /* main.m in Sources */,
				3AA8B5AC18BC24C8006A0E88 /* PSAppDelegate.m in Sources */,
				8EB4FEAE18BC2F570022BF8E /* RESideMenu.m in Sources */,
				8EB4FEAD18BC2F570022BF8E /* RECommonFunctions.m in Sources */,
				8EB4FEAF18BC2F570022BF8E /* UIViewController+RESideMenu.m in Sources */,
			);
			runOnlyForDeploymentPostprocessing = 0;
		};
		3AA8B5AF18BC24C8006A0E88 /* Sources */ = {
			isa = PBXSourcesBuildPhase;
			buildActionMask = 2147483647;
			files = (
				3AA8B5C118BC24C8006A0E88 /* PartyStoriesTests.m in Sources */,
			);
			runOnlyForDeploymentPostprocessing = 0;
		};
/* End PBXSourcesBuildPhase section */

/* Begin PBXTargetDependency section */
		3AA8B5B918BC24C8006A0E88 /* PBXTargetDependency */ = {
			isa = PBXTargetDependency;
			target = 3AA8B59718BC24C8006A0E88 /* PartyStories */;
			targetProxy = 3AA8B5B818BC24C8006A0E88 /* PBXContainerItemProxy */;
		};
/* End PBXTargetDependency section */

/* Begin PBXVariantGroup section */
		3AA8B5A418BC24C8006A0E88 /* InfoPlist.strings */ = {
			isa = PBXVariantGroup;
			children = (
				3AA8B5A518BC24C8006A0E88 /* en */,
			);
			name = InfoPlist.strings;
			sourceTree = "<group>";
		};
		3AA8B5BD18BC24C8006A0E88 /* InfoPlist.strings */ = {
			isa = PBXVariantGroup;
			children = (
				3AA8B5BE18BC24C8006A0E88 /* en */,
			);
			name = InfoPlist.strings;
			sourceTree = "<group>";
		};
/* End PBXVariantGroup section */

/* Begin XCBuildConfiguration section */
		3AA8B5C218BC24C8006A0E88 /* Debug */ = {
			isa = XCBuildConfiguration;
			buildSettings = {
				ALWAYS_SEARCH_USER_PATHS = NO;
				ARCHS = "$(ARCHS_STANDARD_INCLUDING_64_BIT)";
				CLANG_CXX_LANGUAGE_STANDARD = "gnu++0x";
				CLANG_CXX_LIBRARY = "libc++";
				CLANG_ENABLE_MODULES = YES;
				CLANG_ENABLE_OBJC_ARC = YES;
				CLANG_WARN_BOOL_CONVERSION = YES;
				CLANG_WARN_CONSTANT_CONVERSION = YES;
				CLANG_WARN_DIRECT_OBJC_ISA_USAGE = YES_ERROR;
				CLANG_WARN_EMPTY_BODY = YES;
				CLANG_WARN_ENUM_CONVERSION = YES;
				CLANG_WARN_INT_CONVERSION = YES;
				CLANG_WARN_OBJC_ROOT_CLASS = YES_ERROR;
				CLANG_WARN__DUPLICATE_METHOD_MATCH = YES;
				"CODE_SIGN_IDENTITY[sdk=iphoneos*]" = "iPhone Developer";
				COPY_PHASE_STRIP = NO;
				GCC_C_LANGUAGE_STANDARD = gnu99;
				GCC_DYNAMIC_NO_PIC = NO;
				GCC_OPTIMIZATION_LEVEL = 0;
				GCC_PREPROCESSOR_DEFINITIONS = (
					"DEBUG=1",
					"$(inherited)",
				);
				GCC_SYMBOLS_PRIVATE_EXTERN = NO;
				GCC_WARN_64_TO_32_BIT_CONVERSION = YES;
				GCC_WARN_ABOUT_RETURN_TYPE = YES_ERROR;
				GCC_WARN_UNDECLARED_SELECTOR = YES;
				GCC_WARN_UNINITIALIZED_AUTOS = YES;
				GCC_WARN_UNUSED_FUNCTION = YES;
				GCC_WARN_UNUSED_VARIABLE = YES;
				IPHONEOS_DEPLOYMENT_TARGET = 7.0;
				ONLY_ACTIVE_ARCH = YES;
				SDKROOT = iphoneos;
			};
			name = Debug;
		};
		3AA8B5C318BC24C8006A0E88 /* Release */ = {
			isa = XCBuildConfiguration;
			buildSettings = {
				ALWAYS_SEARCH_USER_PATHS = NO;
				ARCHS = "$(ARCHS_STANDARD_INCLUDING_64_BIT)";
				CLANG_CXX_LANGUAGE_STANDARD = "gnu++0x";
				CLANG_CXX_LIBRARY = "libc++";
				CLANG_ENABLE_MODULES = YES;
				CLANG_ENABLE_OBJC_ARC = YES;
				CLANG_WARN_BOOL_CONVERSION = YES;
				CLANG_WARN_CONSTANT_CONVERSION = YES;
				CLANG_WARN_DIRECT_OBJC_ISA_USAGE = YES_ERROR;
				CLANG_WARN_EMPTY_BODY = YES;
				CLANG_WARN_ENUM_CONVERSION = YES;
				CLANG_WARN_INT_CONVERSION = YES;
				CLANG_WARN_OBJC_ROOT_CLASS = YES_ERROR;
				CLANG_WARN__DUPLICATE_METHOD_MATCH = YES;
				"CODE_SIGN_IDENTITY[sdk=iphoneos*]" = "iPhone Developer";
				COPY_PHASE_STRIP = YES;
				ENABLE_NS_ASSERTIONS = NO;
				GCC_C_LANGUAGE_STANDARD = gnu99;
				GCC_WARN_64_TO_32_BIT_CONVERSION = YES;
				GCC_WARN_ABOUT_RETURN_TYPE = YES_ERROR;
				GCC_WARN_UNDECLARED_SELECTOR = YES;
				GCC_WARN_UNINITIALIZED_AUTOS = YES;
				GCC_WARN_UNUSED_FUNCTION = YES;
				GCC_WARN_UNUSED_VARIABLE = YES;
				IPHONEOS_DEPLOYMENT_TARGET = 7.0;
				SDKROOT = iphoneos;
				VALIDATE_PRODUCT = YES;
			};
			name = Release;
		};
		3AA8B5C518BC24C8006A0E88 /* Debug */ = {
			isa = XCBuildConfiguration;
			buildSettings = {
				ASSETCATALOG_COMPILER_APPICON_NAME = AppIcon;
				ASSETCATALOG_COMPILER_LAUNCHIMAGE_NAME = LaunchImage;
				GCC_PRECOMPILE_PREFIX_HEADER = YES;
				GCC_PREFIX_HEADER = "PartyStories/PartyStories-Prefix.pch";
				INFOPLIST_FILE = "PartyStories/PartyStories-Info.plist";
				PRODUCT_NAME = "$(TARGET_NAME)";
				WRAPPER_EXTENSION = app;
			};
			name = Debug;
		};
		3AA8B5C618BC24C8006A0E88 /* Release */ = {
			isa = XCBuildConfiguration;
			buildSettings = {
				ASSETCATALOG_COMPILER_APPICON_NAME = AppIcon;
				ASSETCATALOG_COMPILER_LAUNCHIMAGE_NAME = LaunchImage;
				GCC_PRECOMPILE_PREFIX_HEADER = YES;
				GCC_PREFIX_HEADER = "PartyStories/PartyStories-Prefix.pch";
				INFOPLIST_FILE = "PartyStories/PartyStories-Info.plist";
				PRODUCT_NAME = "$(TARGET_NAME)";
				WRAPPER_EXTENSION = app;
			};
			name = Release;
		};
		3AA8B5C818BC24C8006A0E88 /* Debug */ = {
			isa = XCBuildConfiguration;
			buildSettings = {
				ARCHS = "$(ARCHS_STANDARD_INCLUDING_64_BIT)";
				BUNDLE_LOADER = "$(BUILT_PRODUCTS_DIR)/PartyStories.app/PartyStories";
				FRAMEWORK_SEARCH_PATHS = (
					"$(SDKROOT)/Developer/Library/Frameworks",
					"$(inherited)",
					"$(DEVELOPER_FRAMEWORKS_DIR)",
				);
				GCC_PRECOMPILE_PREFIX_HEADER = YES;
				GCC_PREFIX_HEADER = "PartyStories/PartyStories-Prefix.pch";
				GCC_PREPROCESSOR_DEFINITIONS = (
					"DEBUG=1",
					"$(inherited)",
				);
				INFOPLIST_FILE = "PartyStoriesTests/PartyStoriesTests-Info.plist";
				PRODUCT_NAME = "$(TARGET_NAME)";
				TEST_HOST = "$(BUNDLE_LOADER)";
				WRAPPER_EXTENSION = xctest;
			};
			name = Debug;
		};
		3AA8B5C918BC24C8006A0E88 /* Release */ = {
			isa = XCBuildConfiguration;
			buildSettings = {
				ARCHS = "$(ARCHS_STANDARD_INCLUDING_64_BIT)";
				BUNDLE_LOADER = "$(BUILT_PRODUCTS_DIR)/PartyStories.app/PartyStories";
				FRAMEWORK_SEARCH_PATHS = (
					"$(SDKROOT)/Developer/Library/Frameworks",
					"$(inherited)",
					"$(DEVELOPER_FRAMEWORKS_DIR)",
				);
				GCC_PRECOMPILE_PREFIX_HEADER = YES;
				GCC_PREFIX_HEADER = "PartyStories/PartyStories-Prefix.pch";
				INFOPLIST_FILE = "PartyStoriesTests/PartyStoriesTests-Info.plist";
				PRODUCT_NAME = "$(TARGET_NAME)";
				TEST_HOST = "$(BUNDLE_LOADER)";
				WRAPPER_EXTENSION = xctest;
			};
			name = Release;
		};
/* End XCBuildConfiguration section */

/* Begin XCConfigurationList section */
		3AA8B59318BC24C8006A0E88 /* Build configuration list for PBXProject "PartyStories" */ = {
			isa = XCConfigurationList;
			buildConfigurations = (
				3AA8B5C218BC24C8006A0E88 /* Debug */,
				3AA8B5C318BC24C8006A0E88 /* Release */,
			);
			defaultConfigurationIsVisible = 0;
			defaultConfigurationName = Release;
		};
		3AA8B5C418BC24C8006A0E88 /* Build configuration list for PBXNativeTarget "PartyStories" */ = {
			isa = XCConfigurationList;
			buildConfigurations = (
				3AA8B5C518BC24C8006A0E88 /* Debug */,
				3AA8B5C618BC24C8006A0E88 /* Release */,
			);
			defaultConfigurationIsVisible = 0;
			defaultConfigurationName = Release;
		};
		3AA8B5C718BC24C8006A0E88 /* Build configuration list for PBXNativeTarget "PartyStoriesTests" */ = {
			isa = XCConfigurationList;
			buildConfigurations = (
				3AA8B5C818BC24C8006A0E88 /* Debug */,
				3AA8B5C918BC24C8006A0E88 /* Release */,
			);
			defaultConfigurationIsVisible = 0;
			defaultConfigurationName = Release;
		};
/* End XCConfigurationList section */
	};
	rootObject = 3AA8B59018BC24C8006A0E88 /* Project object */;
}
